{
  "object": {
    "pins": [
      {
        "package": "BokitFinderKit",
        "repositoryURL": "https://bitbucket.org/appiwediateam/bokitfinderkit",
        "state": {
          "branch": "develop",
          "revision": "e25f26d89550ff271de7d52e31da93c684f238c3",
          "version": null
        }
      },
      {
        "package": "OneSignal",
        "repositoryURL": "https://github.com/OneSignal/OneSignal-iOS-SDK",
        "state": {
          "branch": "main",
          "revision": "08df5616c46af3925f1d97f114813a296302423a",
          "version": null
        }
      }
    ]
  },
  "version": 1
}
